
Microsoft Visual Studio Solution File, Format Version 12.00
# Visual Studio Version 17
VisualStudioVersion = 17.0.31903.59
MinimumVisualStudioVersion = 10.0.40219.1
Project("{FAE04EC0-301F-11D3-BF4B-00C04F79EFBC}") = "Zad1", "Zad1\Zad1.csproj", "{9A9DA3A7-AB34-4850-9409-56BA61606EFC}"
EndProject
Project("{FAE04EC0-301F-11D3-BF4B-00C04F79EFBC}") = "Zadania_z_dysku", "Zadania_z_dysku\Zadania_z_dysku.csproj", "{2B442760-5D5B-4AA4-9238-CCFFEAABF07E}"
EndProject
Project("{FAE04EC0-301F-11D3-BF4B-00C04F79EFBC}") = "Zadanie_nie_z_bitow", "Zadanie_nie_z_bitow\Zadanie_nie_z_bitow.csproj", "{398CE58D-43D1-4287-9B79-4DA4942B4BFD}"
EndProject
Global
	GlobalSection(SolutionConfigurationPlatforms) = preSolution
		Debug|Any CPU = Debug|Any CPU
		Release|Any CPU = Release|Any CPU
	EndGlobalSection
	GlobalSection(SolutionProperties) = preSolution
		HideSolutionNode = FALSE
	EndGlobalSection
	GlobalSection(ProjectConfigurationPlatforms) = postSolution
		{9A9DA3A7-AB34-4850-9409-56BA61606EFC}.Debug|Any CPU.ActiveCfg = Debug|Any CPU
		{9A9DA3A7-AB34-4850-9409-56BA61606EFC}.Debug|Any CPU.Build.0 = Debug|Any CPU
		{9A9DA3A7-AB34-4850-9409-56BA61606EFC}.Release|Any CPU.ActiveCfg = Release|Any CPU
		{9A9DA3A7-AB34-4850-9409-56BA61606EFC}.Release|Any CPU.Build.0 = Release|Any CPU
		{2B442760-5D5B-4AA4-9238-CCFFEAABF07E}.Debug|Any CPU.ActiveCfg = Debug|Any CPU
		{2B442760-5D5B-4AA4-9238-CCFFEAABF07E}.Debug|Any CPU.Build.0 = Debug|Any CPU
		{2B442760-5D5B-4AA4-9238-CCFFEAABF07E}.Release|Any CPU.ActiveCfg = Release|Any CPU
		{2B442760-5D5B-4AA4-9238-CCFFEAABF07E}.Release|Any CPU.Build.0 = Release|Any CPU
		{398CE58D-43D1-4287-9B79-4DA4942B4BFD}.Debug|Any CPU.ActiveCfg = Debug|Any CPU
		{398CE58D-43D1-4287-9B79-4DA4942B4BFD}.Debug|Any CPU.Build.0 = Debug|Any CPU
		{398CE58D-43D1-4287-9B79-4DA4942B4BFD}.Release|Any CPU.ActiveCfg = Release|Any CPU
		{398CE58D-43D1-4287-9B79-4DA4942B4BFD}.Release|Any CPU.Build.0 = Release|Any CPU
	EndGlobalSection
EndGlobal
